// !$*UTF8*$!
{
	archiveVersion = 1;
	classes = {
	};
	objectVersion = 60;
	objects = {

/* Begin PBXBuildFile section */
		750A5EAC2B4FEC7F001B292A /* Course.swift in Sources */ = {isa = PBXBuildFile; fileRef = 750A5EAB2B4FEC7F001B292A /* Course.swift */; };
		75CB0F462B4FD96400EDB750 /* TimeTableDemoApp.swift in Sources */ = {isa = PBXBuildFile; fileRef = 75CB0F452B4FD96400EDB750 /* TimeTableDemoApp.swift */; };
		75CB0F482B4FD96400EDB750 /* ContentView.swift in Sources */ = {isa = PBXBuildFile; fileRef = 75CB0F472B4FD96400EDB750 /* ContentView.swift */; };
		75CB0F4A2B4FD96700EDB750 /* Assets.xcassets in Resources */ = {isa = PBXBuildFile; fileRef = 75CB0F492B4FD96700EDB750 /* Assets.xcassets */; };
		75CB0F4D2B4FD96700EDB750 /* Preview Assets.xcassets in Resources */ = {isa = PBXBuildFile; fileRef = 75CB0F4C2B4FD96700EDB750 /* Preview Assets.xcassets */; };
		75CB0F552B4FD98800EDB750 /* SwiftUITimeTable in Frameworks */ = {isa = PBXBuildFile; productRef = 75CB0F542B4FD98800EDB750 /* SwiftUITimeTable */; };
		75CB0F582B4FDB4000EDB750 /* SwiftUITimeTable in Frameworks */ = {isa = PBXBuildFile; productRef = 75CB0F572B4FDB4000EDB750 /* SwiftUITimeTable */; };
		75CB0F5B2B4FDC9100EDB750 /* SwiftUITimeTable in Frameworks */ = {isa = PBXBuildFile; productRef = 75CB0F5A2B4FDC9100EDB750 /* SwiftUITimeTable */; };
/* End PBXBuildFile section */

/* Begin PBXFileReference section */
		750A5EAB2B4FEC7F001B292A /* Course.swift */ = {isa = PBXFileReference; lastKnownFileType = sourcecode.swift; path = Course.swift; sourceTree = "<group>"; };
		75CB0F422B4FD96400EDB750 /* TimeTableDemo.app */ = {isa = PBXFileReference; explicitFileType = wrapper.application; includeInIndex = 0; path = TimeTableDemo.app; sourceTree = BUILT_PRODUCTS_DIR; };
		75CB0F452B4FD96400EDB750 /* TimeTableDemoApp.swift */ = {isa = PBXFileReference; lastKnownFileType = sourcecode.swift; path = TimeTableDemoApp.swift; sourceTree = "<group>"; };
		75CB0F472B4FD96400EDB750 /* ContentView.swift */ = {isa = PBXFileReference; lastKnownFileType = sourcecode.swift; path = ContentView.swift; sourceTree = "<group>"; };
		75CB0F492B4FD96700EDB750 /* Assets.xcassets */ = {isa = PBXFileReference; lastKnownFileType = folder.assetcatalog; path = Assets.xcassets; sourceTree = "<group>"; };
		75CB0F4C2B4FD96700EDB750 /* Preview Assets.xcassets */ = {isa = PBXFileReference; lastKnownFileType = folder.assetcatalog; path = "Preview Assets.xcassets"; sourceTree = "<group>"; };
/* End PBXFileReference section */

/* Begin PBXFrameworksBuildPhase section */
		75CB0F3F2B4FD96400EDB750 /* Frameworks */ = {
			isa = PBXFrameworksBuildPhase;
			buildActionMask = 2147483647;
			files = (
				75CB0F5B2B4FDC9100EDB750 /* SwiftUITimeTable in Frameworks */,
				75CB0F582B4FDB4000EDB750 /* SwiftUITimeTable in Frameworks */,
				75CB0F552B4FD98800EDB750 /* SwiftUITimeTable in Frameworks */,
			);
			runOnlyForDeploymentPostprocessing = 0;
		};
/* End PBXFrameworksBuildPhase section */

/* Begin PBXGroup section */
		75CB0F392B4FD96400EDB750 = {
			isa = PBXGroup;
			children = (
				75CB0F442B4FD96400EDB750 /* TimeTableDemo */,
				75CB0F432B4FD96400EDB750 /* Products */,
			);
			sourceTree = "<group>";
		};
		75CB0F432B4FD96400EDB750 /* Products */ = {
			isa = PBXGroup;
			children = (
				75CB0F422B4FD96400EDB750 /* TimeTableDemo.app */,
			);
			name = Products;
			sourceTree = "<group>";
		};
		75CB0F442B4FD96400EDB750 /* TimeTableDemo */ = {
			isa = PBXGroup;
			children = (
				75CB0F452B4FD96400EDB750 /* TimeTableDemoApp.swift */,
				75CB0F472B4FD96400EDB750 /* ContentView.swift */,
				75CB0F492B4FD96700EDB750 /* Assets.xcassets */,
				75CB0F4B2B4FD96700EDB750 /* Preview Content */,
				750A5EAB2B4FEC7F001B292A /* Course.swift */,
			);
			path = TimeTableDemo;
			sourceTree = "<group>";
		};
		75CB0F4B2B4FD96700EDB750 /* Preview Content */ = {
			isa = PBXGroup;
			children = (
				75CB0F4C2B4FD96700EDB750 /* Preview Assets.xcassets */,
			);
			path = "Preview Content";
			sourceTree = "<group>";
		};
/* End PBXGroup section */

/* Begin PBXNativeTarget section */
		75CB0F412B4FD96400EDB750 /* TimeTableDemo */ = {
			isa = PBXNativeTarget;
			buildConfigurationList = 75CB0F502B4FD96700EDB750 /* Build configuration list for PBXNativeTarget "TimeTableDemo" */;
			buildPhases = (
				75CB0F3E2B4FD96400EDB750 /* Sources */,
				75CB0F3F2B4FD96400EDB750 /* Frameworks */,
				75CB0F402B4FD96400EDB750 /* Resources */,
			);
			buildRules = (
			);
			dependencies = (
			);
			name = TimeTableDemo;
			packageProductDependencies = (
				75CB0F542B4FD98800EDB750 /* SwiftUITimeTable */,
				75CB0F572B4FDB4000EDB750 /* SwiftUITimeTable */,
				75CB0F5A2B4FDC9100EDB750 /* SwiftUITimeTable */,
			);
			productName = TimeTableDemo;
			productReference = 75CB0F422B4FD96400EDB750 /* TimeTableDemo.app */;
			productType = "com.apple.product-type.application";
		};
/* End PBXNativeTarget section */

/* Begin PBXProject section */
		75CB0F3A2B4FD96400EDB750 /* Project object */ = {
			isa = PBXProject;
			attributes = {
				BuildIndependentTargetsInParallel = 1;
				LastSwiftUpdateCheck = 1510;
				LastUpgradeCheck = 1510;
				TargetAttributes = {
					75CB0F412B4FD96400EDB750 = {
						CreatedOnToolsVersion = 15.1;
					};
				};
			};
			buildConfigurationList = 75CB0F3D2B4FD96400EDB750 /* Build configuration list for PBXProject "TimeTableDemo" */;
			compatibilityVersion = "Xcode 14.0";
			developmentRegion = en;
			hasScannedForEncodings = 0;
			knownRegions = (
				en,
				Base,
			);
			mainGroup = 75CB0F392B4FD96400EDB750;
			packageReferences = (
				75CB0F592B4FDC9100EDB750 /* XCLocalSwiftPackageReference ".." */,
			);
			productRefGroup = 75CB0F432B4FD96400EDB750 /* Products */;
			projectDirPath = "";
			projectRoot = "";
			targets = (
				75CB0F412B4FD96400EDB750 /* TimeTableDemo */,
			);
		};
/* End PBXProject section */

/* Begin PBXResourcesBuildPhase section */
		75CB0F402B4FD96400EDB750 /* Resources */ = {
			isa = PBXResourcesBuildPhase;
			buildActionMask = 2147483647;
			files = (
				75CB0F4D2B4FD96700EDB750 /* Preview Assets.xcassets in Resources */,
				75CB0F4A2B4FD96700EDB750 /* Assets.xcassets in Resources */,
			);
			runOnlyForDeploymentPostprocessing = 0;
		};
/* End PBXResourcesBuildPhase section */

/* Begin PBXSourcesBuildPhase section */
		75CB0F3E2B4FD96400EDB750 /* Sources */ = {
			isa = PBXSourcesBuildPhase;
			buildActionMask = 2147483647;
			files = (
				750A5EAC2B4FEC7F001B292A /* Course.swift in Sources */,
				75CB0F482B4FD96400EDB750 /* ContentView.swift in Sources */,
				75CB0F462B4FD96400EDB750 /* TimeTableDemoApp.swift in Sources */,
			);
			runOnlyForDeploymentPostprocessing = 0;
		};
/* End PBXSourcesBuildPhase section */

/* Begin XCBuildConfiguration section */
		75CB0F4E2B4FD96700EDB750 /* Debug */ = {
			isa = XCBuildConfiguration;
			buildSettings = {
				ALWAYS_SEARCH_USER_PATHS = NO;
				ASSETCATALOG_COMPILER_GENERATE_SWIFT_ASSET_SYMBOL_EXTENSIONS = YES;
				CLANG_ANALYZER_NONNULL = YES;
				CLANG_ANALYZER_NUMBER_OBJECT_CONVERSION = YES_AGGRESSIVE;
				CLANG_CXX_LANGUAGE_STANDARD = "gnu++20";
				CLANG_ENABLE_MODULES = YES;
				CLANG_ENABLE_OBJC_ARC = YES;
				CLANG_ENABLE_OBJC_WEAK = YES;
				CLANG_WARN_BLOCK_CAPTURE_AUTORELEASING = YES;
				CLANG_WARN_BOOL_CONVERSION = YES;
				CLANG_WARN_COMMA = YES;
				CLANG_WARN_CONSTANT_CONVERSION = YES;
				CLANG_WARN_DEPRECATED_OBJC_IMPLEMENTATIONS = YES;
				CLANG_WARN_DIRECT_OBJC_ISA_USAGE = YES_ERROR;
				CLANG_WARN_DOCUMENTATION_COMMENTS = YES;
				CLANG_WARN_EMPTY_BODY = YES;
				CLANG_WARN_ENUM_CONVERSION = YES;
				CLANG_WARN_INFINITE_RECURSION = YES;
				CLANG_WARN_INT_CONVERSION = YES;
				CLANG_WARN_NON_LITERAL_NULL_CONVERSION = YES;
				CLANG_WARN_OBJC_IMPLICIT_RETAIN_SELF = YES;
				CLANG_WARN_OBJC_LITERAL_CONVERSION = YES;
				CLANG_WARN_OBJC_ROOT_CLASS = YES_ERROR;
				CLANG_WARN_QUOTED_INCLUDE_IN_FRAMEWORK_HEADER = YES;
				CLANG_WARN_RANGE_LOOP_ANALYSIS = YES;
				CLANG_WARN_STRICT_PROTOTYPES = YES;
				CLANG_WARN_SUSPICIOUS_MOVE = YES;
				CLANG_WARN_UNGUARDED_AVAILABILITY = YES_AGGRESSIVE;
				CLANG_WARN_UNREACHABLE_CODE = YES;
				CLANG_WARN__DUPLICATE_METHOD_MATCH = YES;
				COPY_PHASE_STRIP = NO;
				DEBUG_INFORMATION_FORMAT = dwarf;
				ENABLE_STRICT_OBJC_MSGSEND = YES;
				ENABLE_TESTABILITY = YES;
				ENABLE_USER_SCRIPT_SANDBOXING = YES;
				GCC_C_LANGUAGE_STANDARD = gnu17;
				GCC_DYNAMIC_NO_PIC = NO;
				GCC_NO_COMMON_BLOCKS = YES;
				GCC_OPTIMIZATION_LEVEL = 0;
				GCC_PREPROCESSOR_DEFINITIONS = (
					"DEBUG=1",
					"$(inherited)",
				);
				GCC_WARN_64_TO_32_BIT_CONVERSION = YES;
				GCC_WARN_ABOUT_RETURN_TYPE = YES_ERROR;
				GCC_WARN_UNDECLARED_SELECTOR = YES;
				GCC_WARN_UNINITIALIZED_AUTOS = YES_AGGRESSIVE;
				GCC_WARN_UNUSED_FUNCTION = YES;
				GCC_WARN_UNUSED_VARIABLE = YES;
				IPHONEOS_DEPLOYMENT_TARGET = 17.2;
				LOCALIZATION_PREFERS_STRING_CATALOGS = YES;
				MTL_ENABLE_DEBUG_INFO = INCLUDE_SOURCE;
				MTL_FAST_MATH = YES;
				ONLY_ACTIVE_ARCH = YES;
				SDKROOT = iphoneos;
				SWIFT_ACTIVE_COMPILATION_CONDITIONS = "DEBUG $(inherited)";
				SWIFT_OPTIMIZATION_LEVEL = "-Onone";
			};
			name = Debug;
		};
		75CB0F4F2B4FD96700EDB750 /* Release */ = {
			isa = XCBuildConfiguration;
			buildSettings = {
				ALWAYS_SEARCH_USER_PATHS = NO;
				ASSETCATALOG_COMPILER_GENERATE_SWIFT_ASSET_SYMBOL_EXTENSIONS = YES;
				CLANG_ANALYZER_NONNULL = YES;
				CLANG_ANALYZER_NUMBER_OBJECT_CONVERSION = YES_AGGRESSIVE;
				CLANG_CXX_LANGUAGE_STANDARD = "gnu++20";
				CLANG_ENABLE_MODULES = YES;
				CLANG_ENABLE_OBJC_ARC = YES;
				CLANG_ENABLE_OBJC_WEAK = YES;
				CLANG_WARN_BLOCK_CAPTURE_AUTORELEASING = YES;
				CLANG_WARN_BOOL_CONVERSION = YES;
				CLANG_WARN_COMMA = YES;
				CLANG_WARN_CONSTANT_CONVERSION = YES;
				CLANG_WARN_DEPRECATED_OBJC_IMPLEMENTATIONS = YES;
				CLANG_WARN_DIRECT_OBJC_ISA_USAGE = YES_ERROR;
				CLANG_WARN_DOCUMENTATION_COMMENTS = YES;
				CLANG_WARN_EMPTY_BODY = YES;
				CLANG_WARN_ENUM_CONVERSION = YES;
				CLANG_WARN_INFINITE_RECURSION = YES;
				CLANG_WARN_INT_CONVERSION = YES;
				CLANG_WARN_NON_LITERAL_NULL_CONVERSION = YES;
				CLANG_WARN_OBJC_IMPLICIT_RETAIN_SELF = YES;
				CLANG_WARN_OBJC_LITERAL_CONVERSION = YES;
				CLANG_WARN_OBJC_ROOT_CLASS = YES_ERROR;
				CLANG_WARN_QUOTED_INCLUDE_IN_FRAMEWORK_HEADER = YES;
				CLANG_WARN_RANGE_LOOP_ANALYSIS = YES;
				CLANG_WARN_STRICT_PROTOTYPES = YES;
				CLANG_WARN_SUSPICIOUS_MOVE = YES;
				CLANG_WARN_UNGUARDED_AVAILABILITY = YES_AGGRESSIVE;
				CLANG_WARN_UNREACHABLE_CODE = YES;
				CLANG_WARN__DUPLICATE_METHOD_MATCH = YES;
				COPY_PHASE_STRIP = NO;
				DEBUG_INFORMATION_FORMAT = "dwarf-with-dsym";
				ENABLE_NS_ASSERTIONS = NO;
				ENABLE_STRICT_OBJC_MSGSEND = YES;
				ENABLE_USER_SCRIPT_SANDBOXING = YES;
				GCC_C_LANGUAGE_STANDARD = gnu17;
				GCC_NO_COMMON_BLOCKS = YES;
				GCC_WARN_64_TO_32_BIT_CONVERSION = YES;
				GCC_WARN_ABOUT_RETURN_TYPE = YES_ERROR;
				GCC_WARN_UNDECLARED_SELECTOR = YES;
				GCC_WARN_UNINITIALIZED_AUTOS = YES_AGGRESSIVE;
				GCC_WARN_UNUSED_FUNCTION = YES;
				GCC_WARN_UNUSED_VARIABLE = YES;
				IPHONEOS_DEPLOYMENT_TARGET = 17.2;
				LOCALIZATION_PREFERS_STRING_CATALOGS = YES;
				MTL_ENABLE_DEBUG_INFO = NO;
				MTL_FAST_MATH = YES;
				SDKROOT = iphoneos;
				SWIFT_COMPILATION_MODE = wholemodule;
				VALIDATE_PRODUCT = YES;
			};
			name = Release;
		};
		75CB0F512B4FD96700EDB750 /* Debug */ = {
			isa = XCBuildConfiguration;
			buildSettings = {
				ASSETCATALOG_COMPILER_APPICON_NAME = AppIcon;
				ASSETCATALOG_COMPILER_GLOBAL_ACCENT_COLOR_NAME = AccentColor;
				CODE_SIGN_STYLE = Automatic;
				CURRENT_PROJECT_VERSION = 1;
				DEVELOPMENT_ASSET_PATHS = "\"TimeTableDemo/Preview Content\"";
				DEVELOPMENT_TEAM = "";
				ENABLE_PREVIEWS = YES;
				GENERATE_INFOPLIST_FILE = YES;
				INFOPLIST_KEY_UIApplicationSceneManifest_Generation = YES;
				INFOPLIST_KEY_UIApplicationSupportsIndirectInputEvents = YES;
				INFOPLIST_KEY_UILaunchScreen_Generation = YES;
				INFOPLIST_KEY_UISupportedInterfaceOrientations_iPad = "UIInterfaceOrientationPortrait UIInterfaceOrientationPortraitUpsideDown UIInterfaceOrientationLandscapeLeft UIInterfaceOrientationLandscapeRight";
				INFOPLIST_KEY_UISupportedInterfaceOrientations_iPhone = "UIInterfaceOrientationPortrait UIInterfaceOrientationLandscapeLeft UIInterfaceOrientationLandscapeRight";
				LD_RUNPATH_SEARCH_PATHS = (
					"$(inherited)",
					"@executable_path/Frameworks",
				);
				MARKETING_VERSION = 1.0;
				PRODUCT_BUNDLE_IDENTIFIER = "io.github.blabla-yy.TimeTableDemo";
				PRODUCT_NAME = "$(TARGET_NAME)";
				SWIFT_EMIT_LOC_STRINGS = YES;
				SWIFT_VERSION = 5.0;
				TARGETED_DEVICE_FAMILY = "1,2";
			};
			name = Debug;
		};
		75CB0F522B4FD96700EDB750 /* Release */ = {
			isa = XCBuildConfiguration;
			buildSettings = {
				ASSETCATALOG_COMPILER_APPICON_NAME = AppIcon;
				ASSETCATALOG_COMPILER_GLOBAL_ACCENT_COLOR_NAME = AccentColor;
				CODE_SIGN_STYLE = Automatic;
				CURRENT_PROJECT_VERSION = 1;
				DEVELOPMENT_ASSET_PATHS = "\"TimeTableDemo/Preview Content\"";
				DEVELOPMENT_TEAM = "";
				ENABLE_PREVIEWS = YES;
				GENERATE_INFOPLIST_FILE = YES;
				INFOPLIST_KEY_UIApplicationSceneManifest_Generation = YES;
				INFOPLIST_KEY_UIApplicationSupportsIndirectInputEvents = YES;
				INFOPLIST_KEY_UILaunchScreen_Generation = YES;
				INFOPLIST_KEY_UISupportedInterfaceOrientations_iPad = "UIInterfaceOrientationPortrait UIInterfaceOrientationPortraitUpsideDown UIInterfaceOrientationLandscapeLeft UIInterfaceOrientationLandscapeRight";
				INFOPLIST_KEY_UISupportedInterfaceOrientations_iPhone = "UIInterfaceOrientationPortrait UIInterfaceOrientationLandscapeLeft UIInterfaceOrientationLandscapeRight";
				LD_RUNPATH_SEARCH_PATHS = (
					"$(inherited)",
					"@executable_path/Frameworks",
				);
				MARKETING_VERSION = 1.0;
				PRODUCT_BUNDLE_IDENTIFIER = "io.github.blabla-yy.TimeTableDemo";
				PRODUCT_NAME = "$(TARGET_NAME)";
				SWIFT_EMIT_LOC_STRINGS = YES;
				SWIFT_VERSION = 5.0;
				TARGETED_DEVICE_FAMILY = "1,2";
			};
			name = Release;
		};
/* End XCBuildConfiguration section */

/* Begin XCConfigurationList section */
		75CB0F3D2B4FD96400EDB750 /* Build configuration list for PBXProject "TimeTableDemo" */ = {
			isa = XCConfigurationList;
			buildConfigurations = (
				75CB0F4E2B4FD96700EDB750 /* Debug */,
				75CB0F4F2B4FD96700EDB750 /* Release */,
			);
			defaultConfigurationIsVisible = 0;
			defaultConfigurationName = Release;
		};
		75CB0F502B4FD96700EDB750 /* Build configuration list for PBXNativeTarget "TimeTableDemo" */ = {
			isa = XCConfigurationList;
			buildConfigurations = (
				75CB0F512B4FD96700EDB750 /* Debug */,
				75CB0F522B4FD96700EDB750 /* Release */,
			);
			defaultConfigurationIsVisible = 0;
			defaultConfigurationName = Release;
		};
/* End XCConfigurationList section */

/* Begin XCLocalSwiftPackageReference section */
		75CB0F592B4FDC9100EDB750 /* XCLocalSwiftPackageReference ".." */ = {
			isa = XCLocalSwiftPackageReference;
			relativePath = ..;
		};
/* End XCLocalSwiftPackageReference section */

/* Begin XCSwiftPackageProductDependency section */
		75CB0F542B4FD98800EDB750 /* SwiftUITimeTable */ = {
			isa = XCSwiftPackageProductDependency;
			productName = SwiftUITimeTable;
		};
		75CB0F572B4FDB4000EDB750 /* SwiftUITimeTable */ = {
			isa = XCSwiftPackageProductDependency;
			productName = SwiftUITimeTable;
		};
		75CB0F5A2B4FDC9100EDB750 /* SwiftUITimeTable */ = {
			isa = XCSwiftPackageProductDependency;
			productName = SwiftUITimeTable;
		};
/* End XCSwiftPackageProductDependency section */
	};
	rootObject = 75CB0F3A2B4FD96400EDB750 /* Project object */;
}
